
Microsoft Visual Studio Solution File, Format Version 12.00
# Visual Studio 15
VisualStudioVersion = 15.0.26228.4
MinimumVisualStudioVersion = 10.0.40219.1
Project("{FAE04EC0-301F-11D3-BF4B-00C04F79EFBC}") = "BSAWeatherApp", "BSAWeatherApp\BSAWeatherApp.csproj", "{8D7AD966-1F69-49CF-B0BC-9176AEA542E1}"
EndProject
Project("{FAE04EC0-301F-11D3-BF4B-00C04F79EFBC}") = "BSAWeatherApp.Tests", "BSAWeatherApp.Tests\BSAWeatherApp.Tests.csproj", "{1D4D22CD-C101-44E7-AC9E-158D885D7DBB}"
EndProject
Project("{FAE04EC0-301F-11D3-BF4B-00C04F79EFBC}") = "BSAWeather.UWP", "BSAWeather.UWP\BSAWeather.UWP.csproj", "{234ED264-D5E0-4B5C-B591-352EBDB5B3CB}"
EndProject
Global
	GlobalSection(SolutionConfigurationPlatforms) = preSolution
		Debug|Any CPU = Debug|Any CPU
		Debug|ARM = Debug|ARM
		Debug|x64 = Debug|x64
		Debug|x86 = Debug|x86
		Release|Any CPU = Release|Any CPU
		Release|ARM = Release|ARM
		Release|x64 = Release|x64
		Release|x86 = Release|x86
	EndGlobalSection
	GlobalSection(ProjectConfigurationPlatforms) = postSolution
		{8D7AD966-1F69-49CF-B0BC-9176AEA542E1}.Debug|Any CPU.ActiveCfg = Debug|Any CPU
		{8D7AD966-1F69-49CF-B0BC-9176AEA542E1}.Debug|Any CPU.Build.0 = Debug|Any CPU
		{8D7AD966-1F69-49CF-B0BC-9176AEA542E1}.Debug|ARM.ActiveCfg = Debug|Any CPU
		{8D7AD966-1F69-49CF-B0BC-9176AEA542E1}.Debug|ARM.Build.0 = Debug|Any CPU
		{8D7AD966-1F69-49CF-B0BC-9176AEA542E1}.Debug|x64.ActiveCfg = Debug|Any CPU
		{8D7AD966-1F69-49CF-B0BC-9176AEA542E1}.Debug|x64.Build.0 = Debug|Any CPU
		{8D7AD966-1F69-49CF-B0BC-9176AEA542E1}.Debug|x86.ActiveCfg = Debug|Any CPU
		{8D7AD966-1F69-49CF-B0BC-9176AEA542E1}.Debug|x86.Build.0 = Debug|Any CPU
		{8D7AD966-1F69-49CF-B0BC-9176AEA542E1}.Release|Any CPU.ActiveCfg = Release|Any CPU
		{8D7AD966-1F69-49CF-B0BC-9176AEA542E1}.Release|Any CPU.Build.0 = Release|Any CPU
		{8D7AD966-1F69-49CF-B0BC-9176AEA542E1}.Release|ARM.ActiveCfg = Release|Any CPU
		{8D7AD966-1F69-49CF-B0BC-9176AEA542E1}.Release|ARM.Build.0 = Release|Any CPU
		{8D7AD966-1F69-49CF-B0BC-9176AEA542E1}.Release|x64.ActiveCfg = Release|Any CPU
		{8D7AD966-1F69-49CF-B0BC-9176AEA542E1}.Release|x64.Build.0 = Release|Any CPU
		{8D7AD966-1F69-49CF-B0BC-9176AEA542E1}.Release|x86.ActiveCfg = Release|Any CPU
		{8D7AD966-1F69-49CF-B0BC-9176AEA542E1}.Release|x86.Build.0 = Release|Any CPU
		{1D4D22CD-C101-44E7-AC9E-158D885D7DBB}.Debug|Any CPU.ActiveCfg = Debug|Any CPU
		{1D4D22CD-C101-44E7-AC9E-158D885D7DBB}.Debug|Any CPU.Build.0 = Debug|Any CPU
		{1D4D22CD-C101-44E7-AC9E-158D885D7DBB}.Debug|ARM.ActiveCfg = Debug|Any CPU
		{1D4D22CD-C101-44E7-AC9E-158D885D7DBB}.Debug|ARM.Build.0 = Debug|Any CPU
		{1D4D22CD-C101-44E7-AC9E-158D885D7DBB}.Debug|x64.ActiveCfg = Debug|Any CPU
		{1D4D22CD-C101-44E7-AC9E-158D885D7DBB}.Debug|x64.Build.0 = Debug|Any CPU
		{1D4D22CD-C101-44E7-AC9E-158D885D7DBB}.Debug|x86.ActiveCfg = Debug|Any CPU
		{1D4D22CD-C101-44E7-AC9E-158D885D7DBB}.Debug|x86.Build.0 = Debug|Any CPU
		{1D4D22CD-C101-44E7-AC9E-158D885D7DBB}.Release|Any CPU.ActiveCfg = Release|Any CPU
		{1D4D22CD-C101-44E7-AC9E-158D885D7DBB}.Release|Any CPU.Build.0 = Release|Any CPU
		{1D4D22CD-C101-44E7-AC9E-158D885D7DBB}.Release|ARM.ActiveCfg = Release|Any CPU
		{1D4D22CD-C101-44E7-AC9E-158D885D7DBB}.Release|ARM.Build.0 = Release|Any CPU
		{1D4D22CD-C101-44E7-AC9E-158D885D7DBB}.Release|x64.ActiveCfg = Release|Any CPU
		{1D4D22CD-C101-44E7-AC9E-158D885D7DBB}.Release|x64.Build.0 = Release|Any CPU
		{1D4D22CD-C101-44E7-AC9E-158D885D7DBB}.Release|x86.ActiveCfg = Release|Any CPU
		{1D4D22CD-C101-44E7-AC9E-158D885D7DBB}.Release|x86.Build.0 = Release|Any CPU
		{234ED264-D5E0-4B5C-B591-352EBDB5B3CB}.Debug|Any CPU.ActiveCfg = Debug|x86
		{234ED264-D5E0-4B5C-B591-352EBDB5B3CB}.Debug|ARM.ActiveCfg = Debug|ARM
		{234ED264-D5E0-4B5C-B591-352EBDB5B3CB}.Debug|ARM.Build.0 = Debug|ARM
		{234ED264-D5E0-4B5C-B591-352EBDB5B3CB}.Debug|ARM.Deploy.0 = Debug|ARM
		{234ED264-D5E0-4B5C-B591-352EBDB5B3CB}.Debug|x64.ActiveCfg = Debug|x64
		{234ED264-D5E0-4B5C-B591-352EBDB5B3CB}.Debug|x64.Build.0 = Debug|x64
		{234ED264-D5E0-4B5C-B591-352EBDB5B3CB}.Debug|x64.Deploy.0 = Debug|x64
		{234ED264-D5E0-4B5C-B591-352EBDB5B3CB}.Debug|x86.ActiveCfg = Debug|x86
		{234ED264-D5E0-4B5C-B591-352EBDB5B3CB}.Debug|x86.Build.0 = Debug|x86
		{234ED264-D5E0-4B5C-B591-352EBDB5B3CB}.Debug|x86.Deploy.0 = Debug|x86
		{234ED264-D5E0-4B5C-B591-352EBDB5B3CB}.Release|Any CPU.ActiveCfg = Release|x86
		{234ED264-D5E0-4B5C-B591-352EBDB5B3CB}.Release|ARM.ActiveCfg = Release|ARM
		{234ED264-D5E0-4B5C-B591-352EBDB5B3CB}.Release|ARM.Build.0 = Release|ARM
		{234ED264-D5E0-4B5C-B591-352EBDB5B3CB}.Release|ARM.Deploy.0 = Release|ARM
		{234ED264-D5E0-4B5C-B591-352EBDB5B3CB}.Release|x64.ActiveCfg = Release|x64
		{234ED264-D5E0-4B5C-B591-352EBDB5B3CB}.Release|x64.Build.0 = Release|x64
		{234ED264-D5E0-4B5C-B591-352EBDB5B3CB}.Release|x64.Deploy.0 = Release|x64
		{234ED264-D5E0-4B5C-B591-352EBDB5B3CB}.Release|x86.ActiveCfg = Release|x86
		{234ED264-D5E0-4B5C-B591-352EBDB5B3CB}.Release|x86.Build.0 = Release|x86
		{234ED264-D5E0-4B5C-B591-352EBDB5B3CB}.Release|x86.Deploy.0 = Release|x86
	EndGlobalSection
	GlobalSection(SolutionProperties) = preSolution
		HideSolutionNode = FALSE
	EndGlobalSection
EndGlobal
