
Microsoft Visual Studio Solution File, Format Version 12.00
# Visual Studio 15
VisualStudioVersion = 15.0.26228.4
MinimumVisualStudioVersion = 10.0.40219.1
Project("{FAE04EC0-301F-11D3-BF4B-00C04F79EFBC}") = "BSAWeatherApp", "BSAWeatherApp\BSAWeatherApp.csproj", "{8D7AD966-1F69-49CF-B0BC-9176AEA542E1}"
EndProject
Project("{FAE04EC0-301F-11D3-BF4B-00C04F79EFBC}") = "BSAWeatherApp.Tests", "BSAWeatherApp.Tests\BSAWeatherApp.Tests.csproj", "{1D4D22CD-C101-44E7-AC9E-158D885D7DBB}"
EndProject
Global
	GlobalSection(SolutionConfigurationPlatforms) = preSolution
		Debug|Any CPU = Debug|Any CPU
		Release|Any CPU = Release|Any CPU
	EndGlobalSection
	GlobalSection(ProjectConfigurationPlatforms) = postSolution
		{8D7AD966-1F69-49CF-B0BC-9176AEA542E1}.Debug|Any CPU.ActiveCfg = Debug|Any CPU
		{8D7AD966-1F69-49CF-B0BC-9176AEA542E1}.Debug|Any CPU.Build.0 = Debug|Any CPU
		{8D7AD966-1F69-49CF-B0BC-9176AEA542E1}.Release|Any CPU.ActiveCfg = Release|Any CPU
		{8D7AD966-1F69-49CF-B0BC-9176AEA542E1}.Release|Any CPU.Build.0 = Release|Any CPU
		{1D4D22CD-C101-44E7-AC9E-158D885D7DBB}.Debug|Any CPU.ActiveCfg = Debug|Any CPU
		{1D4D22CD-C101-44E7-AC9E-158D885D7DBB}.Debug|Any CPU.Build.0 = Debug|Any CPU
		{1D4D22CD-C101-44E7-AC9E-158D885D7DBB}.Release|Any CPU.ActiveCfg = Release|Any CPU
		{1D4D22CD-C101-44E7-AC9E-158D885D7DBB}.Release|Any CPU.Build.0 = Release|Any CPU
	EndGlobalSection
	GlobalSection(SolutionProperties) = preSolution
		HideSolutionNode = FALSE
	EndGlobalSection
EndGlobal
